
Microsoft Visual Studio Solution File, Format Version 12.00
# Visual Studio Version 17
VisualStudioVersion = 17.9.34622.214
MinimumVisualStudioVersion = 10.0.40219.1
Project("{9A19103F-16F7-4668-BE54-9A1E7A4F7556}") = "BE", "BE\BE.csproj", "{157D235E-6472-4801-9692-98C89CBFF085}"
EndProject
Project("{FAE04EC0-301F-11D3-BF4B-00C04F79EFBC}") = "BussinessObjects", "BussinessObjects\BussinessObjects.csproj", "{43434334-0B0D-4617-AAFA-BBE3F545CC5E}"
EndProject
Project("{FAE04EC0-301F-11D3-BF4B-00C04F79EFBC}") = "Repositories", "Repositories\Repositories.csproj", "{487049D2-F7FE-40DF-88EC-A1BA9E980537}"
EndProject
Project("{FAE04EC0-301F-11D3-BF4B-00C04F79EFBC}") = "Services", "Services\Services.csproj", "{2CC5BE37-71F1-460F-941C-1931F06E790C}"
EndProject
Global
	GlobalSection(SolutionConfigurationPlatforms) = preSolution
		Debug|Any CPU = Debug|Any CPU
		Release|Any CPU = Release|Any CPU
	EndGlobalSection
	GlobalSection(ProjectConfigurationPlatforms) = postSolution
		{157D235E-6472-4801-9692-98C89CBFF085}.Debug|Any CPU.ActiveCfg = Debug|Any CPU
		{157D235E-6472-4801-9692-98C89CBFF085}.Debug|Any CPU.Build.0 = Debug|Any CPU
		{157D235E-6472-4801-9692-98C89CBFF085}.Release|Any CPU.ActiveCfg = Release|Any CPU
		{157D235E-6472-4801-9692-98C89CBFF085}.Release|Any CPU.Build.0 = Release|Any CPU
		{43434334-0B0D-4617-AAFA-BBE3F545CC5E}.Debug|Any CPU.ActiveCfg = Debug|Any CPU
		{43434334-0B0D-4617-AAFA-BBE3F545CC5E}.Debug|Any CPU.Build.0 = Debug|Any CPU
		{43434334-0B0D-4617-AAFA-BBE3F545CC5E}.Release|Any CPU.ActiveCfg = Release|Any CPU
		{43434334-0B0D-4617-AAFA-BBE3F545CC5E}.Release|Any CPU.Build.0 = Release|Any CPU
		{487049D2-F7FE-40DF-88EC-A1BA9E980537}.Debug|Any CPU.ActiveCfg = Debug|Any CPU
		{487049D2-F7FE-40DF-88EC-A1BA9E980537}.Debug|Any CPU.Build.0 = Debug|Any CPU
		{487049D2-F7FE-40DF-88EC-A1BA9E980537}.Release|Any CPU.ActiveCfg = Release|Any CPU
		{487049D2-F7FE-40DF-88EC-A1BA9E980537}.Release|Any CPU.Build.0 = Release|Any CPU
		{2CC5BE37-71F1-460F-941C-1931F06E790C}.Debug|Any CPU.ActiveCfg = Debug|Any CPU
		{2CC5BE37-71F1-460F-941C-1931F06E790C}.Debug|Any CPU.Build.0 = Debug|Any CPU
		{2CC5BE37-71F1-460F-941C-1931F06E790C}.Release|Any CPU.ActiveCfg = Release|Any CPU
		{2CC5BE37-71F1-460F-941C-1931F06E790C}.Release|Any CPU.Build.0 = Release|Any CPU
	EndGlobalSection
	GlobalSection(SolutionProperties) = preSolution
		HideSolutionNode = FALSE
	EndGlobalSection
	GlobalSection(ExtensibilityGlobals) = postSolution
		SolutionGuid = {F02E9305-F383-4F15-B979-8739F80B95F3}
	EndGlobalSection
EndGlobal
